
Microsoft Visual Studio Solution File, Format Version 12.00
# Visual Studio Version 17
VisualStudioVersion = 17.5.002.0
MinimumVisualStudioVersion = 10.0.40219.1
Project("{9A19103F-16F7-4668-BE54-9A1E7A4F7556}") = "BookStore", "BookStore.csproj", "{89BF20C9-AB9D-4825-A1A7-8EE3D3181D61}"
EndProject
Global
	GlobalSection(SolutionConfigurationPlatforms) = preSolution
		Debug|Any CPU = Debug|Any CPU
		Release|Any CPU = Release|Any CPU
	EndGlobalSection
	GlobalSection(ProjectConfigurationPlatforms) = postSolution
		{89BF20C9-AB9D-4825-A1A7-8EE3D3181D61}.Debug|Any CPU.ActiveCfg = Debug|Any CPU
		{89BF20C9-AB9D-4825-A1A7-8EE3D3181D61}.Debug|Any CPU.Build.0 = Debug|Any CPU
		{89BF20C9-AB9D-4825-A1A7-8EE3D3181D61}.Release|Any CPU.ActiveCfg = Release|Any CPU
		{89BF20C9-AB9D-4825-A1A7-8EE3D3181D61}.Release|Any CPU.Build.0 = Release|Any CPU
	EndGlobalSection
	GlobalSection(SolutionProperties) = preSolution
		HideSolutionNode = FALSE
	EndGlobalSection
	GlobalSection(ExtensibilityGlobals) = postSolution
		SolutionGuid = {A6C9C08D-ABB5-4AA8-8EE0-C629F4C61152}
	EndGlobalSection
EndGlobal
